
Microsoft Visual Studio Solution File, Format Version 12.00
# Visual Studio Version 17
VisualStudioVersion = 17.6.33723.286
MinimumVisualStudioVersion = 10.0.40219.1
Project("{8BC9CEB8-8B4A-11D0-8D11-00A0C91BC942}") = "GemotaryTrans", "GemotaryTrans\GemotaryTrans.vcxproj", "{F617EE3A-8048-43E5-A727-0A1E8D578F9F}"
EndProject
Global
	GlobalSection(SolutionConfigurationPlatforms) = preSolution
		Debug|x64 = Debug|x64
		Debug|x86 = Debug|x86
		Release|x64 = Release|x64
		Release|x86 = Release|x86
	EndGlobalSection
	GlobalSection(ProjectConfigurationPlatforms) = postSolution
		{F617EE3A-8048-43E5-A727-0A1E8D578F9F}.Debug|x64.ActiveCfg = Debug|x64
		{F617EE3A-8048-43E5-A727-0A1E8D578F9F}.Debug|x64.Build.0 = Debug|x64
		{F617EE3A-8048-43E5-A727-0A1E8D578F9F}.Debug|x86.ActiveCfg = Debug|Win32
		{F617EE3A-8048-43E5-A727-0A1E8D578F9F}.Debug|x86.Build.0 = Debug|Win32
		{F617EE3A-8048-43E5-A727-0A1E8D578F9F}.Release|x64.ActiveCfg = Release|x64
		{F617EE3A-8048-43E5-A727-0A1E8D578F9F}.Release|x64.Build.0 = Release|x64
		{F617EE3A-8048-43E5-A727-0A1E8D578F9F}.Release|x86.ActiveCfg = Release|Win32
		{F617EE3A-8048-43E5-A727-0A1E8D578F9F}.Release|x86.Build.0 = Release|Win32
	EndGlobalSection
	GlobalSection(SolutionProperties) = preSolution
		HideSolutionNode = FALSE
	EndGlobalSection
	GlobalSection(ExtensibilityGlobals) = postSolution
		SolutionGuid = {D7809ADB-A1B9-46E6-9F34-FA056BCC98D1}
	EndGlobalSection
EndGlobal
